
Microsoft Visual Studio Solution File, Format Version 12.00
# Visual Studio Version 17
VisualStudioVersion = 17.2.32616.157
MinimumVisualStudioVersion = 10.0.40219.1
Project("{9A19103F-16F7-4668-BE54-9A1E7A4F7556}") = "RP.WebApi", "RPL-Ejercicio2\RP.WebApi.csproj", "{2F529D93-2312-451F-8EF1-8131499A0527}"
EndProject
Project("{9A19103F-16F7-4668-BE54-9A1E7A4F7556}") = "DatabaseHandler", "DatabaseHandler\DatabaseHandler.csproj", "{3699D9C6-328D-4CE6-BE87-8226D7889C48}"
EndProject
Project("{9A19103F-16F7-4668-BE54-9A1E7A4F7556}") = "RP.Application", "Application\RP.Application.csproj", "{20B454F4-3524-4F95-B808-FF3570317FE6}"
EndProject
Project("{9A19103F-16F7-4668-BE54-9A1E7A4F7556}") = "RP.Domain", "RP.Domain\RP.Domain.csproj", "{0ADFB9EF-4A2B-4085-9F2A-55E2A59B4A58}"
EndProject
Project("{9A19103F-16F7-4668-BE54-9A1E7A4F7556}") = "RP.Common", "RP.Common\RP.Common.csproj", "{BD736AB6-A463-4453-BACE-72B8E3CD7851}"
EndProject
Global
	GlobalSection(SolutionConfigurationPlatforms) = preSolution
		Debug|Any CPU = Debug|Any CPU
		Release|Any CPU = Release|Any CPU
	EndGlobalSection
	GlobalSection(ProjectConfigurationPlatforms) = postSolution
		{2F529D93-2312-451F-8EF1-8131499A0527}.Debug|Any CPU.ActiveCfg = Debug|Any CPU
		{2F529D93-2312-451F-8EF1-8131499A0527}.Debug|Any CPU.Build.0 = Debug|Any CPU
		{2F529D93-2312-451F-8EF1-8131499A0527}.Release|Any CPU.ActiveCfg = Release|Any CPU
		{2F529D93-2312-451F-8EF1-8131499A0527}.Release|Any CPU.Build.0 = Release|Any CPU
		{3699D9C6-328D-4CE6-BE87-8226D7889C48}.Debug|Any CPU.ActiveCfg = Debug|Any CPU
		{3699D9C6-328D-4CE6-BE87-8226D7889C48}.Debug|Any CPU.Build.0 = Debug|Any CPU
		{3699D9C6-328D-4CE6-BE87-8226D7889C48}.Release|Any CPU.ActiveCfg = Release|Any CPU
		{3699D9C6-328D-4CE6-BE87-8226D7889C48}.Release|Any CPU.Build.0 = Release|Any CPU
		{20B454F4-3524-4F95-B808-FF3570317FE6}.Debug|Any CPU.ActiveCfg = Debug|Any CPU
		{20B454F4-3524-4F95-B808-FF3570317FE6}.Debug|Any CPU.Build.0 = Debug|Any CPU
		{20B454F4-3524-4F95-B808-FF3570317FE6}.Release|Any CPU.ActiveCfg = Release|Any CPU
		{20B454F4-3524-4F95-B808-FF3570317FE6}.Release|Any CPU.Build.0 = Release|Any CPU
		{0ADFB9EF-4A2B-4085-9F2A-55E2A59B4A58}.Debug|Any CPU.ActiveCfg = Debug|Any CPU
		{0ADFB9EF-4A2B-4085-9F2A-55E2A59B4A58}.Debug|Any CPU.Build.0 = Debug|Any CPU
		{0ADFB9EF-4A2B-4085-9F2A-55E2A59B4A58}.Release|Any CPU.ActiveCfg = Release|Any CPU
		{0ADFB9EF-4A2B-4085-9F2A-55E2A59B4A58}.Release|Any CPU.Build.0 = Release|Any CPU
		{BD736AB6-A463-4453-BACE-72B8E3CD7851}.Debug|Any CPU.ActiveCfg = Debug|Any CPU
		{BD736AB6-A463-4453-BACE-72B8E3CD7851}.Debug|Any CPU.Build.0 = Debug|Any CPU
		{BD736AB6-A463-4453-BACE-72B8E3CD7851}.Release|Any CPU.ActiveCfg = Release|Any CPU
		{BD736AB6-A463-4453-BACE-72B8E3CD7851}.Release|Any CPU.Build.0 = Release|Any CPU
	EndGlobalSection
	GlobalSection(SolutionProperties) = preSolution
		HideSolutionNode = FALSE
	EndGlobalSection
	GlobalSection(ExtensibilityGlobals) = postSolution
		SolutionGuid = {59E96DE5-ED65-47AC-8249-53D140D80461}
	EndGlobalSection
EndGlobal
